
Microsoft Visual Studio Solution File, Format Version 12.00
# Visual Studio Version 16
VisualStudioVersion = 16.0.29613.14
MinimumVisualStudioVersion = 10.0.40219.1
Project("{9A19103F-16F7-4668-BE54-9A1E7A4F7556}") = "Kendo.DynamicLinqCore.Tests", "Kendo.DynamicLinqCore.Tests.csproj", "{F76B6AD3-B2B8-45BD-B024-61229992E308}"
EndProject
Project("{9A19103F-16F7-4668-BE54-9A1E7A4F7556}") = "Kendo.DynamicLinqCore", "..\..\Kendo.DynamicLinqCore\Kendo.DynamicLinqCore.csproj", "{5EECFBCB-22A4-47B8-BFA0-07E783FCF776}"
EndProject
Global
	GlobalSection(SolutionConfigurationPlatforms) = preSolution
		Debug|Any CPU = Debug|Any CPU
		Release|Any CPU = Release|Any CPU
	EndGlobalSection
	GlobalSection(ProjectConfigurationPlatforms) = postSolution
		{F76B6AD3-B2B8-45BD-B024-61229992E308}.Debug|Any CPU.ActiveCfg = Debug|Any CPU
		{F76B6AD3-B2B8-45BD-B024-61229992E308}.Debug|Any CPU.Build.0 = Debug|Any CPU
		{F76B6AD3-B2B8-45BD-B024-61229992E308}.Release|Any CPU.ActiveCfg = Release|Any CPU
		{F76B6AD3-B2B8-45BD-B024-61229992E308}.Release|Any CPU.Build.0 = Release|Any CPU
		{5EECFBCB-22A4-47B8-BFA0-07E783FCF776}.Debug|Any CPU.ActiveCfg = Debug|Any CPU
		{5EECFBCB-22A4-47B8-BFA0-07E783FCF776}.Debug|Any CPU.Build.0 = Debug|Any CPU
		{5EECFBCB-22A4-47B8-BFA0-07E783FCF776}.Release|Any CPU.ActiveCfg = Release|Any CPU
		{5EECFBCB-22A4-47B8-BFA0-07E783FCF776}.Release|Any CPU.Build.0 = Release|Any CPU
	EndGlobalSection
	GlobalSection(SolutionProperties) = preSolution
		HideSolutionNode = FALSE
	EndGlobalSection
	GlobalSection(ExtensibilityGlobals) = postSolution
		SolutionGuid = {F7C4D983-A5D3-44B9-82B8-DEB353E91225}
	EndGlobalSection
EndGlobal
